{
  "version": 4,
  "terraform_version": "1.4.6",
  "serial": 4,
  "lineage": "d975e884-1f0d-86cb-30d6-a74eb8dbee0c",
  "outputs": {},
  "resources": [
    {
      "mode": "managed",
      "type": "kafka_topic",
      "name": "topics",
      "provider": "provider[\"registry.terraform.io/mongey/kafka\"]",
      "instances": [
        {
          "index_key": 0,
          "schema_version": 0,
          "attributes": {
            "config": null,
            "id": "topic1",
            "name": "topic1",
            "partitions": 1,
            "replication_factor": 1
          },
          "sensitive_attributes": [],
          "private": "bnVsbA=="
        },
        {
          "index_key": 1,
          "schema_version": 0,
          "attributes": {
            "config": null,
            "id": "topic2",
            "name": "topic2",
            "partitions": 1,
            "replication_factor": 1
          },
          "sensitive_attributes": [],
          "private": "bnVsbA=="
        },
        {
          "index_key": 2,
          "schema_version": 0,
          "attributes": {
            "config": null,
            "id": "topic3",
            "name": "topic3",
            "partitions": 1,
            "replication_factor": 1
          },
          "sensitive_attributes": [],
          "private": "bnVsbA=="
        }
      ]
    }
  ],
  "check_results": null
}
